
Microsoft Visual Studio Solution File, Format Version 12.00
# Visual Studio Version 17
VisualStudioVersion = 17.13.35825.156 d17.13
MinimumVisualStudioVersion = 10.0.40219.1
Project("{FAE04EC0-301F-11D3-BF4B-00C04F79EFBC}") = "Harmonies_CLI", "Harmonies_CLI.csproj", "{157A8E32-2FAF-45E1-8226-F06F5B0D8226}"
EndProject
Global
	GlobalSection(SolutionConfigurationPlatforms) = preSolution
		Debug|Any CPU = Debug|Any CPU
		Release|Any CPU = Release|Any CPU
	EndGlobalSection
	GlobalSection(ProjectConfigurationPlatforms) = postSolution
		{157A8E32-2FAF-45E1-8226-F06F5B0D8226}.Debug|Any CPU.ActiveCfg = Debug|Any CPU
		{157A8E32-2FAF-45E1-8226-F06F5B0D8226}.Debug|Any CPU.Build.0 = Debug|Any CPU
		{157A8E32-2FAF-45E1-8226-F06F5B0D8226}.Release|Any CPU.ActiveCfg = Release|Any CPU
		{157A8E32-2FAF-45E1-8226-F06F5B0D8226}.Release|Any CPU.Build.0 = Release|Any CPU
	EndGlobalSection
	GlobalSection(SolutionProperties) = preSolution
		HideSolutionNode = FALSE
	EndGlobalSection
	GlobalSection(ExtensibilityGlobals) = postSolution
		SolutionGuid = {EDBE3526-D05F-498D-8078-DDF6D01CA2E7}
	EndGlobalSection
EndGlobal
